// !$*UTF8*$!
{
	archiveVersion = 1;
	classes = {
	};
	objectVersion = 100;
	objects = {

/* Begin PBXContainerItemProxy section */
		FD3000000000000000000001 /* PBXContainerItemProxy */ = {
			isa = PBXContainerItemProxy;
			containerPortal = FA1DA00F277CB60C0045D9C0 /* Project object */;
			proxyType = 1;
			remoteGlobalIDString = FA1DA016277CB60C0045D9C0;
			remoteInfo = lab.ios.Deeplink;
		};
/* End PBXContainerItemProxy section */

/* Begin PBXFileReference section */
		FA1DA017277CB60C0045D9C0 /* Deeplink lab.app */ = {isa = PBXFileReference; explicitFileType = wrapper.application; includeInIndex = 0; path = "Deeplink lab.app"; sourceTree = BUILT_PRODUCTS_DIR; };
		FD2000000000000000000002 /* lab.ios.DeeplinkTests.xctest */ = {isa = PBXFileReference; explicitFileType = wrapper.cfbundle; includeInIndex = 0; path = lab.ios.DeeplinkTests.xctest; sourceTree = BUILT_PRODUCTS_DIR; };
/* End PBXFileReference section */

/* Begin PBXFileSystemSynchronizedBuildFileExceptionSet section */
		5D457CECB46B588965D86E99 /* Exceptions for "lab.ios.Deeplink" folder in "lab.ios.Deeplink" target */ = {
			isa = PBXFileSystemSynchronizedBuildFileExceptionSet;
			membershipExceptions = (
				"lab-ios-Deeplink-Info.plist",
			);
			target = FA1DA016277CB60C0045D9C0 /* lab.ios.Deeplink */;
		};
/* End PBXFileSystemSynchronizedBuildFileExceptionSet section */

/* Begin PBXFileSystemSynchronizedRootGroup section */
		0C06CEA173E8224373D7814E /* lab.ios.Deeplink */ = {
			isa = PBXFileSystemSynchronizedRootGroup;
			exceptions = (
				5D457CECB46B588965D86E99 /* Exceptions for "lab.ios.Deeplink" folder in "lab.ios.Deeplink" target */,
			);
			path = lab.ios.Deeplink;
			sourceTree = "<group>";
		};
		37A2DAAEC63F66DA23FAB5E7 /* lab.ios.DeeplinkTests */ = {
			isa = PBXFileSystemSynchronizedRootGroup;
			path = lab.ios.DeeplinkTests;
			sourceTree = "<group>";
		};
/* End PBXFileSystemSynchronizedRootGroup section */

/* Begin PBXFrameworksBuildPhase section */
		FA1DA014277CB60C0045D9C0 /* Frameworks */ = {
			isa = PBXFrameworksBuildPhase;
			files = (
			);
		};
		FD4000000000000000000001 /* Frameworks */ = {
			isa = PBXFrameworksBuildPhase;
			files = (
			);
		};
/* End PBXFrameworksBuildPhase section */

/* Begin PBXGroup section */
		FA1DA00E277CB60C0045D9C0 = {
			isa = PBXGroup;
			children = (
				0C06CEA173E8224373D7814E /* lab.ios.Deeplink */,
				37A2DAAEC63F66DA23FAB5E7 /* lab.ios.DeeplinkTests */,
				FA1DA018277CB60C0045D9C0 /* Products */,
			);
			sourceTree = "<group>";
		};
		FA1DA018277CB60C0045D9C0 /* Products */ = {
			isa = PBXGroup;
			children = (
				FA1DA017277CB60C0045D9C0 /* Deeplink lab.app */,
				FD2000000000000000000002 /* lab.ios.DeeplinkTests.xctest */,
			);
			name = Products;
			sourceTree = "<group>";
		};
/* End PBXGroup section */

/* Begin PBXNativeTarget section */
		FA1DA016277CB60C0045D9C0 /* lab.ios.Deeplink */ = {
			isa = PBXNativeTarget;
			buildConfigurationList = FA1DA025277CB60F0045D9C0 /* Build configuration list for PBXNativeTarget "lab.ios.Deeplink" */;
			buildPhases = (
				FA1DA013277CB60C0045D9C0 /* Sources */,
				FA1DA014277CB60C0045D9C0 /* Frameworks */,
				FA1DA015277CB60C0045D9C0 /* Resources */,
			);
			buildRules = (
			);
			fileSystemSynchronizedGroups = (
				0C06CEA173E8224373D7814E /* lab.ios.Deeplink */,
			);
			name = lab.ios.Deeplink;
			productName = lab.ios.Deeplink;
			productReference = FA1DA017277CB60C0045D9C0 /* Deeplink lab.app */;
			productType = "com.apple.product-type.application";
		};
		FD6000000000000000000001 /* lab.ios.DeeplinkTests */ = {
			isa = PBXNativeTarget;
			buildConfigurationList = FD7000000000000000000001 /* Build configuration list for PBXNativeTarget "lab.ios.DeeplinkTests" */;
			buildPhases = (
				FD8000000000000000000001 /* Sources */,
				FD4000000000000000000001 /* Frameworks */,
				FD8000000000000000000002 /* Resources */,
			);
			buildRules = (
			);
			dependencies = (
				FD9000000000000000000001 /* PBXTargetDependency */,
			);
			fileSystemSynchronizedGroups = (
				37A2DAAEC63F66DA23FAB5E7 /* lab.ios.DeeplinkTests */,
			);
			name = lab.ios.DeeplinkTests;
			productName = "Deeplink labTests";
			productReference = FD2000000000000000000002 /* lab.ios.DeeplinkTests.xctest */;
			productType = "com.apple.product-type.bundle.unit-test";
		};
/* End PBXNativeTarget section */

/* Begin PBXProject section */
		FA1DA00F277CB60C0045D9C0 /* Project object */ = {
			isa = PBXProject;
			attributes = {
				BuildIndependentTargetsInParallel = 1;
				LastSwiftUpdateCheck = 2700;
				LastUpgradeCheck = 2720;
				TargetAttributes = {
					FA1DA016277CB60C0045D9C0 = {
						CreatedOnToolsVersion = 27.0;
					};
					FD6000000000000000000001 = {
						CreatedOnToolsVersion = 27.0;
						TestTargetID = FA1DA016277CB60C0045D9C0;
					};
				};
			};
			buildConfigurationList = FA1DA012277CB60C0045D9C0 /* Build configuration list for PBXProject "lab.ios.Deeplink" */;
			developmentRegion = en;
			hasScannedForEncodings = 0;
			knownRegions = (
				en,
				Base,
			);
			mainGroup = FA1DA00E277CB60C0045D9C0;
			preferredProjectObjectVersion = 100;
			productRefGroup = FA1DA018277CB60C0045D9C0 /* Products */;
			projectDirPath = "";
			projectRoot = "";
			targets = (
				FA1DA016277CB60C0045D9C0 /* lab.ios.Deeplink */,
				FD6000000000000000000001 /* lab.ios.DeeplinkTests */,
			);
		};
/* End PBXProject section */

/* Begin PBXResourcesBuildPhase section */
		FA1DA015277CB60C0045D9C0 /* Resources */ = {
			isa = PBXResourcesBuildPhase;
			files = (
			);
		};
		FD8000000000000000000002 /* Resources */ = {
			isa = PBXResourcesBuildPhase;
			files = (
			);
		};
/* End PBXResourcesBuildPhase section */

/* Begin PBXSourcesBuildPhase section */
		FA1DA013277CB60C0045D9C0 /* Sources */ = {
			isa = PBXSourcesBuildPhase;
			files = (
			);
		};
		FD8000000000000000000001 /* Sources */ = {
			isa = PBXSourcesBuildPhase;
			files = (
			);
		};
/* End PBXSourcesBuildPhase section */

/* Begin PBXTargetDependency section */
		FD9000000000000000000001 /* PBXTargetDependency */ = {
			isa = PBXTargetDependency;
			target = FA1DA016277CB60C0045D9C0 /* lab.ios.Deeplink */;
			targetProxy = FD3000000000000000000001 /* PBXContainerItemProxy */;
		};
/* End PBXTargetDependency section */

/* Begin XCBuildConfiguration section */
		FA1DA023277CB60F0045D9C0 /* Debug configuration for PBXProject "lab.ios.Deeplink" */ = {
			isa = XCBuildConfiguration;
			buildSettings = {
				ALWAYS_SEARCH_USER_PATHS = NO;
				ASSETCATALOG_COMPILER_GENERATE_SWIFT_ASSET_SYMBOL_EXTENSIONS = YES;
				CLANG_ANALYZER_NONNULL = YES;
				CLANG_ANALYZER_NUMBER_OBJECT_CONVERSION = YES_AGGRESSIVE;
				CLANG_CXX_LANGUAGE_STANDARD = "gnu++17";
				CLANG_CXX_LIBRARY = "libc++";
				CLANG_ENABLE_MODULES = YES;
				CLANG_ENABLE_OBJC_ARC = YES;
				CLANG_ENABLE_OBJC_WEAK = YES;
				CLANG_WARN_BLOCK_CAPTURE_AUTORELEASING = YES;
				CLANG_WARN_BOOL_CONVERSION = YES;
				CLANG_WARN_COMMA = YES;
				CLANG_WARN_CONSTANT_CONVERSION = YES;
				CLANG_WARN_DEPRECATED_OBJC_IMPLEMENTATIONS = YES;
				CLANG_WARN_DIRECT_OBJC_ISA_USAGE = YES_ERROR;
				CLANG_WARN_DOCUMENTATION_COMMENTS = YES;
				CLANG_WARN_EMPTY_BODY = YES;
				CLANG_WARN_ENUM_CONVERSION = YES;
				CLANG_WARN_INFINITE_RECURSION = YES;
				CLANG_WARN_INT_CONVERSION = YES;
				CLANG_WARN_NON_LITERAL_NULL_CONVERSION = YES;
				CLANG_WARN_OBJC_IMPLICIT_RETAIN_SELF = YES;
				CLANG_WARN_OBJC_LITERAL_CONVERSION = YES;
				CLANG_WARN_OBJC_ROOT_CLASS = YES_ERROR;
				CLANG_WARN_QUOTED_INCLUDE_IN_FRAMEWORK_HEADER = YES;
				CLANG_WARN_RANGE_LOOP_ANALYSIS = YES;
				CLANG_WARN_STRICT_PROTOTYPES = YES;
				CLANG_WARN_SUSPICIOUS_MOVE = YES;
				CLANG_WARN_UNGUARDED_AVAILABILITY = YES_AGGRESSIVE;
				CLANG_WARN_UNREACHABLE_CODE = YES;
				CLANG_WARN__DUPLICATE_METHOD_MATCH = YES;
				COPY_PHASE_STRIP = NO;
				DEBUG_INFORMATION_FORMAT = dwarf;
				ENABLE_STRICT_OBJC_MSGSEND = YES;
				ENABLE_TESTABILITY = YES;
				ENABLE_USER_SCRIPT_SANDBOXING = YES;
				GCC_C_LANGUAGE_STANDARD = gnu17;
				GCC_DYNAMIC_NO_PIC = NO;
				GCC_NO_COMMON_BLOCKS = YES;
				GCC_OPTIMIZATION_LEVEL = 0;
				GCC_PREPROCESSOR_DEFINITIONS = (
					"DEBUG=1",
					"$(inherited)",
				);
				GCC_WARN_64_TO_32_BIT_CONVERSION = YES;
				GCC_WARN_ABOUT_RETURN_TYPE = YES_ERROR;
				GCC_WARN_UNDECLARED_SELECTOR = YES;
				GCC_WARN_UNINITIALIZED_AUTOS = YES_AGGRESSIVE;
				GCC_WARN_UNUSED_FUNCTION = YES;
				GCC_WARN_UNUSED_VARIABLE = YES;
				IPHONEOS_DEPLOYMENT_TARGET = 17.0;
				MTL_ENABLE_DEBUG_INFO = INCLUDE_SOURCE;
				MTL_FAST_MATH = YES;
				ONLY_ACTIVE_ARCH = YES;
				SDKROOT = iphoneos;
				STRING_CATALOG_GENERATE_SYMBOLS = YES;
				SWIFT_ACTIVE_COMPILATION_CONDITIONS = DEBUG;
				SWIFT_OPTIMIZATION_LEVEL = "-Onone";
			};
			name = Debug;
		};
		FA1DA024277CB60F0045D9C0 /* Release configuration for PBXProject "lab.ios.Deeplink" */ = {
			isa = XCBuildConfiguration;
			buildSettings = {
				ALWAYS_SEARCH_USER_PATHS = NO;
				ASSETCATALOG_COMPILER_GENERATE_SWIFT_ASSET_SYMBOL_EXTENSIONS = YES;
				CLANG_ANALYZER_NONNULL = YES;
				CLANG_ANALYZER_NUMBER_OBJECT_CONVERSION = YES_AGGRESSIVE;
				CLANG_CXX_LANGUAGE_STANDARD = "gnu++17";
				CLANG_CXX_LIBRARY = "libc++";
				CLANG_ENABLE_MODULES = YES;
				CLANG_ENABLE_OBJC_ARC = YES;
				CLANG_ENABLE_OBJC_WEAK = YES;
				CLANG_WARN_BLOCK_CAPTURE_AUTORELEASING = YES;
				CLANG_WARN_BOOL_CONVERSION = YES;
				CLANG_WARN_COMMA = YES;
				CLANG_WARN_CONSTANT_CONVERSION = YES;
				CLANG_WARN_DEPRECATED_OBJC_IMPLEMENTATIONS = YES;
				CLANG_WARN_DIRECT_OBJC_ISA_USAGE = YES_ERROR;
				CLANG_WARN_DOCUMENTATION_COMMENTS = YES;
				CLANG_WARN_EMPTY_BODY = YES;
				CLANG_WARN_ENUM_CONVERSION = YES;
				CLANG_WARN_INFINITE_RECURSION = YES;
				CLANG_WARN_INT_CONVERSION = YES;
				CLANG_WARN_NON_LITERAL_NULL_CONVERSION = YES;
				CLANG_WARN_OBJC_IMPLICIT_RETAIN_SELF = YES;
				CLANG_WARN_OBJC_LITERAL_CONVERSION = YES;
				CLANG_WARN_OBJC_ROOT_CLASS = YES_ERROR;
				CLANG_WARN_QUOTED_INCLUDE_IN_FRAMEWORK_HEADER = YES;
				CLANG_WARN_RANGE_LOOP_ANALYSIS = YES;
				CLANG_WARN_STRICT_PROTOTYPES = YES;
				CLANG_WARN_SUSPICIOUS_MOVE = YES;
				CLANG_WARN_UNGUARDED_AVAILABILITY = YES_AGGRESSIVE;
				CLANG_WARN_UNREACHABLE_CODE = YES;
				CLANG_WARN__DUPLICATE_METHOD_MATCH = YES;
				COPY_PHASE_STRIP = NO;
				DEBUG_INFORMATION_FORMAT = "dwarf-with-dsym";
				ENABLE_NS_ASSERTIONS = NO;
				ENABLE_STRICT_OBJC_MSGSEND = YES;
				ENABLE_USER_SCRIPT_SANDBOXING = YES;
				GCC_C_LANGUAGE_STANDARD = gnu17;
				GCC_NO_COMMON_BLOCKS = YES;
				GCC_WARN_64_TO_32_BIT_CONVERSION = YES;
				GCC_WARN_ABOUT_RETURN_TYPE = YES_ERROR;
				GCC_WARN_UNDECLARED_SELECTOR = YES;
				GCC_WARN_UNINITIALIZED_AUTOS = YES_AGGRESSIVE;
				GCC_WARN_UNUSED_FUNCTION = YES;
				GCC_WARN_UNUSED_VARIABLE = YES;
				IPHONEOS_DEPLOYMENT_TARGET = 17.0;
				MTL_ENABLE_DEBUG_INFO = NO;
				MTL_FAST_MATH = YES;
				SDKROOT = iphoneos;
				STRING_CATALOG_GENERATE_SYMBOLS = YES;
				SWIFT_COMPILATION_MODE = wholemodule;
				SWIFT_OPTIMIZATION_LEVEL = "-O";
				VALIDATE_PRODUCT = YES;
			};
			name = Release;
		};
		FA1DA026277CB60F0045D9C0 /* Debug configuration for PBXNativeTarget "lab.ios.Deeplink" */ = {
			isa = XCBuildConfiguration;
			buildSettings = {
				ASSETCATALOG_COMPILER_APPICON_NAME = AppIcon;
				ASSETCATALOG_COMPILER_GENERATE_SWIFT_ASSET_SYMBOL_EXTENSIONS = YES;
				CODE_SIGN_STYLE = Automatic;
				CURRENT_PROJECT_VERSION = 2;
				DEVELOPMENT_TEAM = "";
				ENABLE_PREVIEWS = YES;
				GENERATE_INFOPLIST_FILE = YES;
				INFOPLIST_FILE = "lab.ios.Deeplink/lab-ios-Deeplink-Info.plist";
				INFOPLIST_KEY_UIApplicationSceneManifest_Generation = YES;
				INFOPLIST_KEY_UIApplicationSupportsIndirectInputEvents = YES;
				INFOPLIST_KEY_UILaunchScreen_Generation = YES;
				INFOPLIST_KEY_UISupportedInterfaceOrientations_iPad = "UIInterfaceOrientationPortrait UIInterfaceOrientationPortraitUpsideDown UIInterfaceOrientationLandscapeLeft UIInterfaceOrientationLandscapeRight";
				INFOPLIST_KEY_UISupportedInterfaceOrientations_iPhone = "UIInterfaceOrientationPortrait UIInterfaceOrientationLandscapeLeft UIInterfaceOrientationLandscapeRight";
				IPHONEOS_DEPLOYMENT_TARGET = 17.0;
				LD_RUNPATH_SEARCH_PATHS = (
					"$(inherited)",
					"@executable_path/Frameworks",
				);
				MARKETING_VERSION = 2.0;
				PRODUCT_BUNDLE_IDENTIFIER = "defdev.lab-ios-Deeplink";
				PRODUCT_MODULE_NAME = lab_ios_Deeplink;
				PRODUCT_NAME = "Deeplink lab";
				SUPPORTED_PLATFORMS = "iphoneos iphonesimulator";
				SWIFT_EMIT_LOC_STRINGS = YES;
				SWIFT_STRICT_CONCURRENCY = complete;
				SWIFT_VERSION = 6.0;
				TARGETED_DEVICE_FAMILY = 1;
			};
			name = Debug;
		};
		FA1DA027277CB60F0045D9C0 /* Release configuration for PBXNativeTarget "lab.ios.Deeplink" */ = {
			isa = XCBuildConfiguration;
			buildSettings = {
				ASSETCATALOG_COMPILER_APPICON_NAME = AppIcon;
				ASSETCATALOG_COMPILER_GENERATE_SWIFT_ASSET_SYMBOL_EXTENSIONS = YES;
				CODE_SIGN_STYLE = Automatic;
				CURRENT_PROJECT_VERSION = 2;
				DEVELOPMENT_TEAM = "";
				ENABLE_PREVIEWS = YES;
				GENERATE_INFOPLIST_FILE = YES;
				INFOPLIST_FILE = "lab.ios.Deeplink/lab-ios-Deeplink-Info.plist";
				INFOPLIST_KEY_UIApplicationSceneManifest_Generation = YES;
				INFOPLIST_KEY_UIApplicationSupportsIndirectInputEvents = YES;
				INFOPLIST_KEY_UILaunchScreen_Generation = YES;
				INFOPLIST_KEY_UISupportedInterfaceOrientations_iPad = "UIInterfaceOrientationPortrait UIInterfaceOrientationPortraitUpsideDown UIInterfaceOrientationLandscapeLeft UIInterfaceOrientationLandscapeRight";
				INFOPLIST_KEY_UISupportedInterfaceOrientations_iPhone = "UIInterfaceOrientationPortrait UIInterfaceOrientationLandscapeLeft UIInterfaceOrientationLandscapeRight";
				IPHONEOS_DEPLOYMENT_TARGET = 17.0;
				LD_RUNPATH_SEARCH_PATHS = (
					"$(inherited)",
					"@executable_path/Frameworks",
				);
				MARKETING_VERSION = 2.0;
				PRODUCT_BUNDLE_IDENTIFIER = "defdev.lab-ios-Deeplink";
				PRODUCT_MODULE_NAME = lab_ios_Deeplink;
				PRODUCT_NAME = "Deeplink lab";
				SUPPORTED_PLATFORMS = "iphoneos iphonesimulator";
				SWIFT_EMIT_LOC_STRINGS = YES;
				SWIFT_STRICT_CONCURRENCY = complete;
				SWIFT_VERSION = 6.0;
				TARGETED_DEVICE_FAMILY = 1;
			};
			name = Release;
		};
		FDA000000000000000000001 /* Debug configuration for PBXNativeTarget "lab.ios.DeeplinkTests" */ = {
			isa = XCBuildConfiguration;
			buildSettings = {
				BUNDLE_LOADER = "$(TEST_HOST)";
				CODE_SIGN_STYLE = Automatic;
				DEVELOPMENT_TEAM = "";
				GENERATE_INFOPLIST_FILE = YES;
				IPHONEOS_DEPLOYMENT_TARGET = 17.0;
				LD_RUNPATH_SEARCH_PATHS = (
					"$(inherited)",
					"@executable_path/Frameworks",
					"@loader_path/Frameworks",
				);
				PRODUCT_BUNDLE_IDENTIFIER = "defdev.lab-ios-DeeplinkTests";
				PRODUCT_NAME = "$(TARGET_NAME)";
				SUPPORTED_PLATFORMS = "iphoneos iphonesimulator";
				SWIFT_STRICT_CONCURRENCY = complete;
				SWIFT_VERSION = 6.0;
				TARGETED_DEVICE_FAMILY = 1;
				TEST_HOST = "$(BUILT_PRODUCTS_DIR)/Deeplink lab.app/$(BUNDLE_EXECUTABLE_FOLDER_PATH)/Deeplink lab";
			};
			name = Debug;
		};
		FDA000000000000000000002 /* Release configuration for PBXNativeTarget "lab.ios.DeeplinkTests" */ = {
			isa = XCBuildConfiguration;
			buildSettings = {
				BUNDLE_LOADER = "$(TEST_HOST)";
				CODE_SIGN_STYLE = Automatic;
				DEVELOPMENT_TEAM = "";
				GENERATE_INFOPLIST_FILE = YES;
				IPHONEOS_DEPLOYMENT_TARGET = 17.0;
				LD_RUNPATH_SEARCH_PATHS = (
					"$(inherited)",
					"@executable_path/Frameworks",
					"@loader_path/Frameworks",
				);
				PRODUCT_BUNDLE_IDENTIFIER = "defdev.lab-ios-DeeplinkTests";
				PRODUCT_NAME = "$(TARGET_NAME)";
				SUPPORTED_PLATFORMS = "iphoneos iphonesimulator";
				SWIFT_STRICT_CONCURRENCY = complete;
				SWIFT_VERSION = 6.0;
				TARGETED_DEVICE_FAMILY = 1;
				TEST_HOST = "$(BUILT_PRODUCTS_DIR)/Deeplink lab.app/$(BUNDLE_EXECUTABLE_FOLDER_PATH)/Deeplink lab";
			};
			name = Release;
		};
/* End XCBuildConfiguration section */

/* Begin XCConfigurationList section */
		FA1DA012277CB60C0045D9C0 /* Build configuration list for PBXProject "lab.ios.Deeplink" */ = {
			isa = XCConfigurationList;
			buildConfigurations = (
				FA1DA023277CB60F0045D9C0 /* Debug configuration for PBXProject "lab.ios.Deeplink" */,
				FA1DA024277CB60F0045D9C0 /* Release configuration for PBXProject "lab.ios.Deeplink" */,
			);
			defaultConfigurationName = Release;
		};
		FA1DA025277CB60F0045D9C0 /* Build configuration list for PBXNativeTarget "lab.ios.Deeplink" */ = {
			isa = XCConfigurationList;
			buildConfigurations = (
				FA1DA026277CB60F0045D9C0 /* Debug configuration for PBXNativeTarget "lab.ios.Deeplink" */,
				FA1DA027277CB60F0045D9C0 /* Release configuration for PBXNativeTarget "lab.ios.Deeplink" */,
			);
			defaultConfigurationName = Release;
		};
		FD7000000000000000000001 /* Build configuration list for PBXNativeTarget "lab.ios.DeeplinkTests" */ = {
			isa = XCConfigurationList;
			buildConfigurations = (
				FDA000000000000000000001 /* Debug configuration for PBXNativeTarget "lab.ios.DeeplinkTests" */,
				FDA000000000000000000002 /* Release configuration for PBXNativeTarget "lab.ios.DeeplinkTests" */,
			);
			defaultConfigurationName = Release;
		};
/* End XCConfigurationList section */
	};
	rootObject = FA1DA00F277CB60C0045D9C0 /* Project object */;
}
